
Microsoft Visual Studio Solution File, Format Version 12.00
# Visual Studio 15
VisualStudioVersion = 15.0.28307.106
MinimumVisualStudioVersion = 10.0.40219.1
Project("{FAE04EC0-301F-11D3-BF4B-00C04F79EFBC}") = "dotNet5780_02_4971", "dotNet5780_02_4971\dotNet5780_02_4971.csproj", "{F676039E-4BE7-4E60-8ED6-D3B9B8587A75}"
EndProject
Global
	GlobalSection(SolutionConfigurationPlatforms) = preSolution
		Debug|Any CPU = Debug|Any CPU
		Release|Any CPU = Release|Any CPU
	EndGlobalSection
	GlobalSection(ProjectConfigurationPlatforms) = postSolution
		{F676039E-4BE7-4E60-8ED6-D3B9B8587A75}.Debug|Any CPU.ActiveCfg = Debug|Any CPU
		{F676039E-4BE7-4E60-8ED6-D3B9B8587A75}.Debug|Any CPU.Build.0 = Debug|Any CPU
		{F676039E-4BE7-4E60-8ED6-D3B9B8587A75}.Release|Any CPU.ActiveCfg = Release|Any CPU
		{F676039E-4BE7-4E60-8ED6-D3B9B8587A75}.Release|Any CPU.Build.0 = Release|Any CPU
	EndGlobalSection
	GlobalSection(SolutionProperties) = preSolution
		HideSolutionNode = FALSE
	EndGlobalSection
	GlobalSection(ExtensibilityGlobals) = postSolution
		SolutionGuid = {82EB8EEF-D457-425C-9F81-8E0BE4E1A2D5}
	EndGlobalSection
EndGlobal
